{
    "_readme": [
        "This file locks the dependencies of your project to a known state",
        "Read more about it at https://getcomposer.org/doc/01-basic-usage.md#composer-lock-the-lock-file",
        "This file is @generated automatically"
    ],
    "hash": "4625ca3808d7d251098bc96574164fd7",
    "content-hash": "56904880713f3d21b7dff0095b722b9c",
    "packages": [
        {
            "name": "LWS/Framework",
            "version": "dev-master",
            "source": {
                "type": "git",
                "url": "https://github.com/lemckewebsolutions/Framework.git",
                "reference": "9ed470c8f1f63efad4b8244b63d8fa5c18e955dc"
            },
            "type": "library",
            "autoload": {
                "psr-4": {
                    "LWS\\Framework\\": "src/"
                }
            },
            "description": "Source code of the LWS framework",
            "time": "2015-10-12 16:53:27"
        },
        {
            "name": "LWS/FrameworkNavigation",
            "version": "dev-master",
            "source": {
                "type": "git",
                "url": "https://bitbucket.org/lemckewebsolutions/navigation",
                "reference": "151c0d092cfe6290dd7376628d4b5d1c5e306352"
            },
            "type": "library",
            "autoload": {
                "psr-4": {
                    "LWS\\FrameworkNavigation\\": "src/"
                }
            },
            "description": "Source code of navigation items of LWS Framework",
            "time": "2015-12-13 11:10:19"
        }
    ],
    "packages-dev": [],
    "aliases": [],
    "minimum-stability": "stable",
    "stability-flags": {
        "lws/framework": 20,
        "lws/frameworknavigation": 20
    },
    "prefer-stable": false,
    "prefer-lowest": false,
    "platform": [],
    "platform-dev": []
}
