{
    "_readme": [
        "This file locks the dependencies of your project to a known state",
        "Read more about it at https://getcomposer.org/doc/01-basic-usage.md#composer-lock-the-lock-file",
        "This file is @generated automatically"
    ],
    "hash": "46969913196ee359c44781f8faea9139",
    "packages": [
        {
            "name": "LWS/Framework",
            "version": "dev-master",
            "source": {
                "type": "git",
                "url": "https://github.com/lemckewebsolutions/Framework.git",
                "reference": "ee33594e0ecb0860f31a4d7aee73fe35333227a9"
            },
            "type": "library",
            "autoload": {
                "psr-4": {
                    "LWS\\Framework\\": "src/"
                }
            },
            "description": "Source code of the LWS framework",
            "time": "2015-09-01 16:48:18"
        }
    ],
    "packages-dev": [],
    "aliases": [],
    "minimum-stability": "stable",
    "stability-flags": {
        "lws/framework": 20
    },
    "prefer-stable": false,
    "prefer-lowest": false,
    "platform": [],
    "platform-dev": []
}
