{
    "_readme": [
        "This file locks the dependencies of your project to a known state",
        "Read more about it at https://getcomposer.org/doc/01-basic-usage.md#composer-lock-the-lock-file",
        "This file is @generated automatically"
    ],
    "hash": "1b63c1c2afe53752d4c48024b54a3786",
    "content-hash": "7508cf6a9541d7bea4c2f4674f7bce6b",
    "packages": [
        {
            "name": "LWS/Framework",
            "version": "dev-master",
            "source": {
                "type": "git",
                "url": "https://github.com/lemckewebsolutions/Framework.git",
                "reference": "76ab565947989c409cd15f22a4640dbec78e115f"
            },
            "type": "library",
            "autoload": {
                "psr-4": {
                    "LWS\\Framework\\": "src/"
                }
            },
            "description": "Source code of the LWS framework",
            "time": "2015-10-11 15:16:00"
        }
    ],
    "packages-dev": [],
    "aliases": [],
    "minimum-stability": "stable",
    "stability-flags": {
        "lws/framework": 20
    },
    "prefer-stable": false,
    "prefer-lowest": false,
    "platform": [],
    "platform-dev": []
}
